// !$*UTF8*$!
{
	archiveVersion = 1;
	classes = {
	};
	objectVersion = 55;
	objects = {

/* Begin PBXBuildFile section */
		22065D0427B2CA0D0050FFB0 /* Functions.swift in Sources */ = {isa = PBXBuildFile; fileRef = 22065D0327B2CA0D0050FFB0 /* Functions.swift */; };
		2239BCD927B1A4AE009A5B2C /* LocationDetailsViewController.swift in Sources */ = {isa = PBXBuildFile; fileRef = 2239BCD827B1A4AE009A5B2C /* LocationDetailsViewController.swift */; };
		2256114C27B2120C00EBA050 /* CategoryPickerViewController.swift in Sources */ = {isa = PBXBuildFile; fileRef = 2256114B27B2120C00EBA050 /* CategoryPickerViewController.swift */; };
		2256114E27B2359100EBA050 /* HudView.swift in Sources */ = {isa = PBXBuildFile; fileRef = 2256114D27B2359100EBA050 /* HudView.swift */; };
		22AA2F5C27AF074C0009D685 /* AppDelegate.swift in Sources */ = {isa = PBXBuildFile; fileRef = 22AA2F5B27AF074C0009D685 /* AppDelegate.swift */; };
		22AA2F5E27AF074C0009D685 /* SceneDelegate.swift in Sources */ = {isa = PBXBuildFile; fileRef = 22AA2F5D27AF074C0009D685 /* SceneDelegate.swift */; };
		22AA2F6027AF074C0009D685 /* CurrentLocationViewController.swift in Sources */ = {isa = PBXBuildFile; fileRef = 22AA2F5F27AF074C0009D685 /* CurrentLocationViewController.swift */; };
		22AA2F6327AF074C0009D685 /* Main.storyboard in Resources */ = {isa = PBXBuildFile; fileRef = 22AA2F6127AF074C0009D685 /* Main.storyboard */; };
		22AA2F6627AF074C0009D685 /* MyLocations.xcdatamodeld in Sources */ = {isa = PBXBuildFile; fileRef = 22AA2F6427AF074C0009D685 /* MyLocations.xcdatamodeld */; };
		22AA2F6827AF074E0009D685 /* Assets.xcassets in Resources */ = {isa = PBXBuildFile; fileRef = 22AA2F6727AF074E0009D685 /* Assets.xcassets */; };
		22AA2F6B27AF074E0009D685 /* LaunchScreen.storyboard in Resources */ = {isa = PBXBuildFile; fileRef = 22AA2F6927AF074E0009D685 /* LaunchScreen.storyboard */; };
		22FE8AD727B96D9E0081CD68 /* Location+CoreDataClass.swift in Sources */ = {isa = PBXBuildFile; fileRef = 22FE8AD527B96D9E0081CD68 /* Location+CoreDataClass.swift */; };
		22FE8AD827B96D9E0081CD68 /* Location+CoreDataProperties.swift in Sources */ = {isa = PBXBuildFile; fileRef = 22FE8AD627B96D9E0081CD68 /* Location+CoreDataProperties.swift */; };
		22FE8ADA27B9F4370081CD68 /* LocationsViewController.swift in Sources */ = {isa = PBXBuildFile; fileRef = 22FE8AD927B9F4370081CD68 /* LocationsViewController.swift */; };
		22FE8ADC27B9FADC0081CD68 /* LocationCell.swift in Sources */ = {isa = PBXBuildFile; fileRef = 22FE8ADB27B9FADC0081CD68 /* LocationCell.swift */; };
/* End PBXBuildFile section */

/* Begin PBXFileReference section */
		22065D0327B2CA0D0050FFB0 /* Functions.swift */ = {isa = PBXFileReference; lastKnownFileType = sourcecode.swift; path = Functions.swift; sourceTree = "<group>"; };
		2239BCD827B1A4AE009A5B2C /* LocationDetailsViewController.swift */ = {isa = PBXFileReference; lastKnownFileType = sourcecode.swift; path = LocationDetailsViewController.swift; sourceTree = "<group>"; };
		2256114B27B2120C00EBA050 /* CategoryPickerViewController.swift */ = {isa = PBXFileReference; lastKnownFileType = sourcecode.swift; path = CategoryPickerViewController.swift; sourceTree = "<group>"; };
		2256114D27B2359100EBA050 /* HudView.swift */ = {isa = PBXFileReference; lastKnownFileType = sourcecode.swift; path = HudView.swift; sourceTree = "<group>"; };
		22AA2F5827AF074C0009D685 /* MyLocations.app */ = {isa = PBXFileReference; explicitFileType = wrapper.application; includeInIndex = 0; path = MyLocations.app; sourceTree = BUILT_PRODUCTS_DIR; };
		22AA2F5B27AF074C0009D685 /* AppDelegate.swift */ = {isa = PBXFileReference; lastKnownFileType = sourcecode.swift; path = AppDelegate.swift; sourceTree = "<group>"; };
		22AA2F5D27AF074C0009D685 /* SceneDelegate.swift */ = {isa = PBXFileReference; lastKnownFileType = sourcecode.swift; path = SceneDelegate.swift; sourceTree = "<group>"; };
		22AA2F5F27AF074C0009D685 /* CurrentLocationViewController.swift */ = {isa = PBXFileReference; lastKnownFileType = sourcecode.swift; path = CurrentLocationViewController.swift; sourceTree = "<group>"; };
		22AA2F6227AF074C0009D685 /* Base */ = {isa = PBXFileReference; lastKnownFileType = file.storyboard; name = Base; path = Base.lproj/Main.storyboard; sourceTree = "<group>"; };
		22AA2F6527AF074C0009D685 /* MyLocations.xcdatamodel */ = {isa = PBXFileReference; lastKnownFileType = wrapper.xcdatamodel; path = MyLocations.xcdatamodel; sourceTree = "<group>"; };
		22AA2F6727AF074E0009D685 /* Assets.xcassets */ = {isa = PBXFileReference; lastKnownFileType = folder.assetcatalog; path = Assets.xcassets; sourceTree = "<group>"; };
		22AA2F6A27AF074E0009D685 /* Base */ = {isa = PBXFileReference; lastKnownFileType = file.storyboard; name = Base; path = Base.lproj/LaunchScreen.storyboard; sourceTree = "<group>"; };
		22AA2F6C27AF074E0009D685 /* Info.plist */ = {isa = PBXFileReference; lastKnownFileType = text.plist.xml; path = Info.plist; sourceTree = "<group>"; };
		22FE8AD527B96D9E0081CD68 /* Location+CoreDataClass.swift */ = {isa = PBXFileReference; lastKnownFileType = sourcecode.swift; path = "Location+CoreDataClass.swift"; sourceTree = "<group>"; };
		22FE8AD627B96D9E0081CD68 /* Location+CoreDataProperties.swift */ = {isa = PBXFileReference; lastKnownFileType = sourcecode.swift; path = "Location+CoreDataProperties.swift"; sourceTree = "<group>"; };
		22FE8AD927B9F4370081CD68 /* LocationsViewController.swift */ = {isa = PBXFileReference; lastKnownFileType = sourcecode.swift; path = LocationsViewController.swift; sourceTree = "<group>"; };
		22FE8ADB27B9FADC0081CD68 /* LocationCell.swift */ = {isa = PBXFileReference; lastKnownFileType = sourcecode.swift; path = LocationCell.swift; sourceTree = "<group>"; };
/* End PBXFileReference section */

/* Begin PBXFrameworksBuildPhase section */
		22AA2F5527AF074C0009D685 /* Frameworks */ = {
			isa = PBXFrameworksBuildPhase;
			buildActionMask = 2147483647;
			files = (
			);
			runOnlyForDeploymentPostprocessing = 0;
		};
/* End PBXFrameworksBuildPhase section */

/* Begin PBXGroup section */
		22AA2F4F27AF074C0009D685 = {
			isa = PBXGroup;
			children = (
				22FE8AD527B96D9E0081CD68 /* Location+CoreDataClass.swift */,
				22FE8AD627B96D9E0081CD68 /* Location+CoreDataProperties.swift */,
				22AA2F5A27AF074C0009D685 /* MyLocations */,
				22AA2F5927AF074C0009D685 /* Products */,
			);
			sourceTree = "<group>";
		};
		22AA2F5927AF074C0009D685 /* Products */ = {
			isa = PBXGroup;
			children = (
				22AA2F5827AF074C0009D685 /* MyLocations.app */,
			);
			name = Products;
			sourceTree = "<group>";
		};
		22AA2F5A27AF074C0009D685 /* MyLocations */ = {
			isa = PBXGroup;
			children = (
				22AA2F5B27AF074C0009D685 /* AppDelegate.swift */,
				22AA2F6727AF074E0009D685 /* Assets.xcassets */,
				2256114B27B2120C00EBA050 /* CategoryPickerViewController.swift */,
				22AA2F5F27AF074C0009D685 /* CurrentLocationViewController.swift */,
				22065D0327B2CA0D0050FFB0 /* Functions.swift */,
				2256114D27B2359100EBA050 /* HudView.swift */,
				22AA2F6C27AF074E0009D685 /* Info.plist */,
				22AA2F6927AF074E0009D685 /* LaunchScreen.storyboard */,
				2239BCD827B1A4AE009A5B2C /* LocationDetailsViewController.swift */,
				22FE8AD927B9F4370081CD68 /* LocationsViewController.swift */,
				22AA2F6127AF074C0009D685 /* Main.storyboard */,
				22AA2F6427AF074C0009D685 /* MyLocations.xcdatamodeld */,
				22AA2F5D27AF074C0009D685 /* SceneDelegate.swift */,
				22FE8ADB27B9FADC0081CD68 /* LocationCell.swift */,
			);
			path = MyLocations;
			sourceTree = "<group>";
		};
/* End PBXGroup section */

/* Begin PBXNativeTarget section */
		22AA2F5727AF074C0009D685 /* MyLocations */ = {
			isa = PBXNativeTarget;
			buildConfigurationList = 22AA2F6F27AF074E0009D685 /* Build configuration list for PBXNativeTarget "MyLocations" */;
			buildPhases = (
				22AA2F5427AF074C0009D685 /* Sources */,
				22AA2F5527AF074C0009D685 /* Frameworks */,
				22AA2F5627AF074C0009D685 /* Resources */,
			);
			buildRules = (
			);
			dependencies = (
			);
			name = MyLocations;
			productName = MyLocations;
			productReference = 22AA2F5827AF074C0009D685 /* MyLocations.app */;
			productType = "com.apple.product-type.application";
		};
/* End PBXNativeTarget section */

/* Begin PBXProject section */
		22AA2F5027AF074C0009D685 /* Project object */ = {
			isa = PBXProject;
			attributes = {
				BuildIndependentTargetsInParallel = 1;
				LastSwiftUpdateCheck = 1320;
				LastUpgradeCheck = 1320;
				TargetAttributes = {
					22AA2F5727AF074C0009D685 = {
						CreatedOnToolsVersion = 13.2.1;
					};
				};
			};
			buildConfigurationList = 22AA2F5327AF074C0009D685 /* Build configuration list for PBXProject "MyLocations" */;
			compatibilityVersion = "Xcode 13.0";
			developmentRegion = en;
			hasScannedForEncodings = 0;
			knownRegions = (
				en,
				Base,
			);
			mainGroup = 22AA2F4F27AF074C0009D685;
			productRefGroup = 22AA2F5927AF074C0009D685 /* Products */;
			projectDirPath = "";
			projectRoot = "";
			targets = (
				22AA2F5727AF074C0009D685 /* MyLocations */,
			);
		};
/* End PBXProject section */

/* Begin PBXResourcesBuildPhase section */
		22AA2F5627AF074C0009D685 /* Resources */ = {
			isa = PBXResourcesBuildPhase;
			buildActionMask = 2147483647;
			files = (
				22AA2F6B27AF074E0009D685 /* LaunchScreen.storyboard in Resources */,
				22AA2F6827AF074E0009D685 /* Assets.xcassets in Resources */,
				22AA2F6327AF074C0009D685 /* Main.storyboard in Resources */,
			);
			runOnlyForDeploymentPostprocessing = 0;
		};
/* End PBXResourcesBuildPhase section */

/* Begin PBXSourcesBuildPhase section */
		22AA2F5427AF074C0009D685 /* Sources */ = {
			isa = PBXSourcesBuildPhase;
			buildActionMask = 2147483647;
			files = (
				2256114C27B2120C00EBA050 /* CategoryPickerViewController.swift in Sources */,
				22AA2F6027AF074C0009D685 /* CurrentLocationViewController.swift in Sources */,
				22FE8ADC27B9FADC0081CD68 /* LocationCell.swift in Sources */,
				22AA2F5C27AF074C0009D685 /* AppDelegate.swift in Sources */,
				22065D0427B2CA0D0050FFB0 /* Functions.swift in Sources */,
				22FE8ADA27B9F4370081CD68 /* LocationsViewController.swift in Sources */,
				22FE8AD827B96D9E0081CD68 /* Location+CoreDataProperties.swift in Sources */,
				22AA2F6627AF074C0009D685 /* MyLocations.xcdatamodeld in Sources */,
				22AA2F5E27AF074C0009D685 /* SceneDelegate.swift in Sources */,
				22FE8AD727B96D9E0081CD68 /* Location+CoreDataClass.swift in Sources */,
				2256114E27B2359100EBA050 /* HudView.swift in Sources */,
				2239BCD927B1A4AE009A5B2C /* LocationDetailsViewController.swift in Sources */,
			);
			runOnlyForDeploymentPostprocessing = 0;
		};
/* End PBXSourcesBuildPhase section */

/* Begin PBXVariantGroup section */
		22AA2F6127AF074C0009D685 /* Main.storyboard */ = {
			isa = PBXVariantGroup;
			children = (
				22AA2F6227AF074C0009D685 /* Base */,
			);
			name = Main.storyboard;
			sourceTree = "<group>";
		};
		22AA2F6927AF074E0009D685 /* LaunchScreen.storyboard */ = {
			isa = PBXVariantGroup;
			children = (
				22AA2F6A27AF074E0009D685 /* Base */,
			);
			name = LaunchScreen.storyboard;
			sourceTree = "<group>";
		};
/* End PBXVariantGroup section */

/* Begin XCBuildConfiguration section */
		22AA2F6D27AF074E0009D685 /* Debug */ = {
			isa = XCBuildConfiguration;
			buildSettings = {
				ALWAYS_SEARCH_USER_PATHS = NO;
				CLANG_ANALYZER_NONNULL = YES;
				CLANG_ANALYZER_NUMBER_OBJECT_CONVERSION = YES_AGGRESSIVE;
				CLANG_CXX_LANGUAGE_STANDARD = "gnu++17";
				CLANG_CXX_LIBRARY = "libc++";
				CLANG_ENABLE_MODULES = YES;
				CLANG_ENABLE_OBJC_ARC = YES;
				CLANG_ENABLE_OBJC_WEAK = YES;
				CLANG_WARN_BLOCK_CAPTURE_AUTORELEASING = YES;
				CLANG_WARN_BOOL_CONVERSION = YES;
				CLANG_WARN_COMMA = YES;
				CLANG_WARN_CONSTANT_CONVERSION = YES;
				CLANG_WARN_DEPRECATED_OBJC_IMPLEMENTATIONS = YES;
				CLANG_WARN_DIRECT_OBJC_ISA_USAGE = YES_ERROR;
				CLANG_WARN_DOCUMENTATION_COMMENTS = YES;
				CLANG_WARN_EMPTY_BODY = YES;
				CLANG_WARN_ENUM_CONVERSION = YES;
				CLANG_WARN_INFINITE_RECURSION = YES;
				CLANG_WARN_INT_CONVERSION = YES;
				CLANG_WARN_NON_LITERAL_NULL_CONVERSION = YES;
				CLANG_WARN_OBJC_IMPLICIT_RETAIN_SELF = YES;
				CLANG_WARN_OBJC_LITERAL_CONVERSION = YES;
				CLANG_WARN_OBJC_ROOT_CLASS = YES_ERROR;
				CLANG_WARN_QUOTED_INCLUDE_IN_FRAMEWORK_HEADER = YES;
				CLANG_WARN_RANGE_LOOP_ANALYSIS = YES;
				CLANG_WARN_STRICT_PROTOTYPES = YES;
				CLANG_WARN_SUSPICIOUS_MOVE = YES;
				CLANG_WARN_UNGUARDED_AVAILABILITY = YES_AGGRESSIVE;
				CLANG_WARN_UNREACHABLE_CODE = YES;
				CLANG_WARN__DUPLICATE_METHOD_MATCH = YES;
				COPY_PHASE_STRIP = NO;
				DEBUG_INFORMATION_FORMAT = dwarf;
				ENABLE_STRICT_OBJC_MSGSEND = YES;
				ENABLE_TESTABILITY = YES;
				GCC_C_LANGUAGE_STANDARD = gnu11;
				GCC_DYNAMIC_NO_PIC = NO;
				GCC_NO_COMMON_BLOCKS = YES;
				GCC_OPTIMIZATION_LEVEL = 0;
				GCC_PREPROCESSOR_DEFINITIONS = (
					"DEBUG=1",
					"$(inherited)",
				);
				GCC_WARN_64_TO_32_BIT_CONVERSION = YES;
				GCC_WARN_ABOUT_RETURN_TYPE = YES_ERROR;
				GCC_WARN_UNDECLARED_SELECTOR = YES;
				GCC_WARN_UNINITIALIZED_AUTOS = YES_AGGRESSIVE;
				GCC_WARN_UNUSED_FUNCTION = YES;
				GCC_WARN_UNUSED_VARIABLE = YES;
				IPHONEOS_DEPLOYMENT_TARGET = 15.2;
				MTL_ENABLE_DEBUG_INFO = INCLUDE_SOURCE;
				MTL_FAST_MATH = YES;
				ONLY_ACTIVE_ARCH = YES;
				SDKROOT = iphoneos;
				SWIFT_ACTIVE_COMPILATION_CONDITIONS = DEBUG;
				SWIFT_OPTIMIZATION_LEVEL = "-Onone";
			};
			name = Debug;
		};
		22AA2F6E27AF074E0009D685 /* Release */ = {
			isa = XCBuildConfiguration;
			buildSettings = {
				ALWAYS_SEARCH_USER_PATHS = NO;
				CLANG_ANALYZER_NONNULL = YES;
				CLANG_ANALYZER_NUMBER_OBJECT_CONVERSION = YES_AGGRESSIVE;
				CLANG_CXX_LANGUAGE_STANDARD = "gnu++17";
				CLANG_CXX_LIBRARY = "libc++";
				CLANG_ENABLE_MODULES = YES;
				CLANG_ENABLE_OBJC_ARC = YES;
				CLANG_ENABLE_OBJC_WEAK = YES;
				CLANG_WARN_BLOCK_CAPTURE_AUTORELEASING = YES;
				CLANG_WARN_BOOL_CONVERSION = YES;
				CLANG_WARN_COMMA = YES;
				CLANG_WARN_CONSTANT_CONVERSION = YES;
				CLANG_WARN_DEPRECATED_OBJC_IMPLEMENTATIONS = YES;
				CLANG_WARN_DIRECT_OBJC_ISA_USAGE = YES_ERROR;
				CLANG_WARN_DOCUMENTATION_COMMENTS = YES;
				CLANG_WARN_EMPTY_BODY = YES;
				CLANG_WARN_ENUM_CONVERSION = YES;
				CLANG_WARN_INFINITE_RECURSION = YES;
				CLANG_WARN_INT_CONVERSION = YES;
				CLANG_WARN_NON_LITERAL_NULL_CONVERSION = YES;
				CLANG_WARN_OBJC_IMPLICIT_RETAIN_SELF = YES;
				CLANG_WARN_OBJC_LITERAL_CONVERSION = YES;
				CLANG_WARN_OBJC_ROOT_CLASS = YES_ERROR;
				CLANG_WARN_QUOTED_INCLUDE_IN_FRAMEWORK_HEADER = YES;
				CLANG_WARN_RANGE_LOOP_ANALYSIS = YES;
				CLANG_WARN_STRICT_PROTOTYPES = YES;
				CLANG_WARN_SUSPICIOUS_MOVE = YES;
				CLANG_WARN_UNGUARDED_AVAILABILITY = YES_AGGRESSIVE;
				CLANG_WARN_UNREACHABLE_CODE = YES;
				CLANG_WARN__DUPLICATE_METHOD_MATCH = YES;
				COPY_PHASE_STRIP = NO;
				DEBUG_INFORMATION_FORMAT = "dwarf-with-dsym";
				ENABLE_NS_ASSERTIONS = NO;
				ENABLE_STRICT_OBJC_MSGSEND = YES;
				GCC_C_LANGUAGE_STANDARD = gnu11;
				GCC_NO_COMMON_BLOCKS = YES;
				GCC_WARN_64_TO_32_BIT_CONVERSION = YES;
				GCC_WARN_ABOUT_RETURN_TYPE = YES_ERROR;
				GCC_WARN_UNDECLARED_SELECTOR = YES;
				GCC_WARN_UNINITIALIZED_AUTOS = YES_AGGRESSIVE;
				GCC_WARN_UNUSED_FUNCTION = YES;
				GCC_WARN_UNUSED_VARIABLE = YES;
				IPHONEOS_DEPLOYMENT_TARGET = 15.2;
				MTL_ENABLE_DEBUG_INFO = NO;
				MTL_FAST_MATH = YES;
				SDKROOT = iphoneos;
				SWIFT_COMPILATION_MODE = wholemodule;
				SWIFT_OPTIMIZATION_LEVEL = "-O";
				VALIDATE_PRODUCT = YES;
			};
			name = Release;
		};
		22AA2F7027AF074E0009D685 /* Debug */ = {
			isa = XCBuildConfiguration;
			buildSettings = {
				ASSETCATALOG_COMPILER_APPICON_NAME = AppIcon;
				ASSETCATALOG_COMPILER_GLOBAL_ACCENT_COLOR_NAME = AccentColor;
				CODE_SIGN_STYLE = Automatic;
				CURRENT_PROJECT_VERSION = 1;
				DEVELOPMENT_TEAM = YTKJGX92QR;
				GENERATE_INFOPLIST_FILE = YES;
				INFOPLIST_FILE = MyLocations/Info.plist;
				INFOPLIST_KEY_LSApplicationCategoryType = "";
				INFOPLIST_KEY_NSLocationWhenInUseUsageDescription = "This app lets you keep track of interesting places. It needs access to the GPS coordinates for your location.";
				INFOPLIST_KEY_UIApplicationSupportsIndirectInputEvents = YES;
				INFOPLIST_KEY_UILaunchStoryboardName = LaunchScreen;
				INFOPLIST_KEY_UIMainStoryboardFile = Main;
				INFOPLIST_KEY_UIRequiredDeviceCapabilities = "location-services";
				INFOPLIST_KEY_UISupportedInterfaceOrientations = UIInterfaceOrientationPortrait;
				INFOPLIST_KEY_UISupportedInterfaceOrientations_iPad = "UIInterfaceOrientationPortrait UIInterfaceOrientationPortraitUpsideDown UIInterfaceOrientationLandscapeLeft UIInterfaceOrientationLandscapeRight";
				INFOPLIST_KEY_UISupportedInterfaceOrientations_iPhone = "UIInterfaceOrientationPortrait UIInterfaceOrientationLandscapeLeft UIInterfaceOrientationLandscapeRight";
				LD_RUNPATH_SEARCH_PATHS = (
					"$(inherited)",
					"@executable_path/Frameworks",
				);
				MARKETING_VERSION = 1.0;
				PRODUCT_BUNDLE_IDENTIFIER = Peebers.MyLocations;
				PRODUCT_NAME = "$(TARGET_NAME)";
				SWIFT_EMIT_LOC_STRINGS = YES;
				SWIFT_VERSION = 5.0;
				TARGETED_DEVICE_FAMILY = "1,2";
			};
			name = Debug;
		};
		22AA2F7127AF074E0009D685 /* Release */ = {
			isa = XCBuildConfiguration;
			buildSettings = {
				ASSETCATALOG_COMPILER_APPICON_NAME = AppIcon;
				ASSETCATALOG_COMPILER_GLOBAL_ACCENT_COLOR_NAME = AccentColor;
				CODE_SIGN_STYLE = Automatic;
				CURRENT_PROJECT_VERSION = 1;
				DEVELOPMENT_TEAM = YTKJGX92QR;
				GENERATE_INFOPLIST_FILE = YES;
				INFOPLIST_FILE = MyLocations/Info.plist;
				INFOPLIST_KEY_LSApplicationCategoryType = "";
				INFOPLIST_KEY_NSLocationWhenInUseUsageDescription = "This app lets you keep track of interesting places. It needs access to the GPS coordinates for your location.";
				INFOPLIST_KEY_UIApplicationSupportsIndirectInputEvents = YES;
				INFOPLIST_KEY_UILaunchStoryboardName = LaunchScreen;
				INFOPLIST_KEY_UIMainStoryboardFile = Main;
				INFOPLIST_KEY_UIRequiredDeviceCapabilities = "location-services";
				INFOPLIST_KEY_UISupportedInterfaceOrientations = UIInterfaceOrientationPortrait;
				INFOPLIST_KEY_UISupportedInterfaceOrientations_iPad = "UIInterfaceOrientationPortrait UIInterfaceOrientationPortraitUpsideDown UIInterfaceOrientationLandscapeLeft UIInterfaceOrientationLandscapeRight";
				INFOPLIST_KEY_UISupportedInterfaceOrientations_iPhone = "UIInterfaceOrientationPortrait UIInterfaceOrientationLandscapeLeft UIInterfaceOrientationLandscapeRight";
				LD_RUNPATH_SEARCH_PATHS = (
					"$(inherited)",
					"@executable_path/Frameworks",
				);
				MARKETING_VERSION = 1.0;
				PRODUCT_BUNDLE_IDENTIFIER = Peebers.MyLocations;
				PRODUCT_NAME = "$(TARGET_NAME)";
				SWIFT_EMIT_LOC_STRINGS = YES;
				SWIFT_VERSION = 5.0;
				TARGETED_DEVICE_FAMILY = "1,2";
			};
			name = Release;
		};
/* End XCBuildConfiguration section */

/* Begin XCConfigurationList section */
		22AA2F5327AF074C0009D685 /* Build configuration list for PBXProject "MyLocations" */ = {
			isa = XCConfigurationList;
			buildConfigurations = (
				22AA2F6D27AF074E0009D685 /* Debug */,
				22AA2F6E27AF074E0009D685 /* Release */,
			);
			defaultConfigurationIsVisible = 0;
			defaultConfigurationName = Release;
		};
		22AA2F6F27AF074E0009D685 /* Build configuration list for PBXNativeTarget "MyLocations" */ = {
			isa = XCConfigurationList;
			buildConfigurations = (
				22AA2F7027AF074E0009D685 /* Debug */,
				22AA2F7127AF074E0009D685 /* Release */,
			);
			defaultConfigurationIsVisible = 0;
			defaultConfigurationName = Release;
		};
/* End XCConfigurationList section */

/* Begin XCVersionGroup section */
		22AA2F6427AF074C0009D685 /* MyLocations.xcdatamodeld */ = {
			isa = XCVersionGroup;
			children = (
				22AA2F6527AF074C0009D685 /* MyLocations.xcdatamodel */,
			);
			currentVersion = 22AA2F6527AF074C0009D685 /* MyLocations.xcdatamodel */;
			path = MyLocations.xcdatamodeld;
			sourceTree = "<group>";
			versionGroupType = wrapper.xcdatamodel;
		};
/* End XCVersionGroup section */
	};
	rootObject = 22AA2F5027AF074C0009D685 /* Project object */;
}
